// !$*UTF8*$!
{
	archiveVersion = 1;
	classes = {
	};
	objectVersion = 46;
	objects = {

/* Begin PBXBuildFile section */
		7D1C33E319B3C625007BEAAF /* type.cc in Sources */ = {isa = PBXBuildFile; fileRef = 7D1C33E119B3C625007BEAAF /* type.cc */; };
		7D1C33E419B3C625007BEAAF /* type.cc in Sources */ = {isa = PBXBuildFile; fileRef = 7D1C33E119B3C625007BEAAF /* type.cc */; };
		7D1C33E519B3C625007BEAAF /* type.cc in Sources */ = {isa = PBXBuildFile; fileRef = 7D1C33E119B3C625007BEAAF /* type.cc */; };
		7D1C33ED19BD18D3007BEAAF /* ast_string_printer.cc in Sources */ = {isa = PBXBuildFile; fileRef = 7D1C33EB19BD18D3007BEAAF /* ast_string_printer.cc */; };
		7D1C33EE19BD18D3007BEAAF /* ast_string_printer.cc in Sources */ = {isa = PBXBuildFile; fileRef = 7D1C33EB19BD18D3007BEAAF /* ast_string_printer.cc */; };
		7D1C33EF19BD18D3007BEAAF /* ast_string_printer.cc in Sources */ = {isa = PBXBuildFile; fileRef = 7D1C33EB19BD18D3007BEAAF /* ast_string_printer.cc */; };
		7D33BE5F19731F5C006F3769 /* parse_test.cc in Sources */ = {isa = PBXBuildFile; fileRef = 7D33BE5D19731F5C006F3769 /* parse_test.cc */; };
		7D33BE641973209E006F3769 /* driver.cc in Sources */ = {isa = PBXBuildFile; fileRef = 7D8CC7DE195BD4900009B20C /* driver.cc */; };
		7D33BE651973209E006F3769 /* parse.y in Sources */ = {isa = PBXBuildFile; fileRef = 7D6E3F6619440F00008D5BBD /* parse.y */; };
		7D33BE661973209E006F3769 /* scan.l in Sources */ = {isa = PBXBuildFile; fileRef = 7D6E3F5F1940C5D0008D5BBD /* scan.l */; };
		7D33BE671973209E006F3769 /* ast.cc in Sources */ = {isa = PBXBuildFile; fileRef = 7D6E3F631943D5C1008D5BBD /* ast.cc */; };
		7D33BE6A19732162006F3769 /* main.cc in Sources */ = {isa = PBXBuildFile; fileRef = 7D33BE6819732162006F3769 /* main.cc */; };
		7D33BE711973237B006F3769 /* test_helper.cc in Sources */ = {isa = PBXBuildFile; fileRef = 7D33BE701973237B006F3769 /* test_helper.cc */; };
		7D33BE751973276B006F3769 /* CoreFoundation.framework in Frameworks */ = {isa = PBXBuildFile; fileRef = 7D33BE741973276B006F3769 /* CoreFoundation.framework */; };
		7D33BE79197328A8006F3769 /* nth.nth in CopyFiles */ = {isa = PBXBuildFile; fileRef = 7DC44E7B1960D71500DEB624 /* nth.nth */; };
		7D33BEBB19756C98006F3769 /* libgtest.a in Frameworks */ = {isa = PBXBuildFile; fileRef = 7D33BEBA19756C98006F3769 /* libgtest.a */; };
		7D660D5B195FBD24008E0D21 /* driver_test.mm in Sources */ = {isa = PBXBuildFile; fileRef = 7D660D5A195FBD24008E0D21 /* driver_test.mm */; };
		7D660D5C195FBDE0008E0D21 /* parse.y in Sources */ = {isa = PBXBuildFile; fileRef = 7D6E3F6619440F00008D5BBD /* parse.y */; };
		7D660D5F195FBF79008E0D21 /* scan.l in Sources */ = {isa = PBXBuildFile; fileRef = 7D6E3F5F1940C5D0008D5BBD /* scan.l */; };
		7D660D60195FBF9D008E0D21 /* driver.cc in Sources */ = {isa = PBXBuildFile; fileRef = 7D8CC7DE195BD4900009B20C /* driver.cc */; };
		7D660D61195FBFA8008E0D21 /* main.cc in Sources */ = {isa = PBXBuildFile; fileRef = 7D6E3F541940C2B4008D5BBD /* main.cc */; };
		7D6E3F551940C2B4008D5BBD /* main.cc in Sources */ = {isa = PBXBuildFile; fileRef = 7D6E3F541940C2B4008D5BBD /* main.cc */; };
		7D6E3F571940C2B4008D5BBD /* nth.1 in CopyFiles */ = {isa = PBXBuildFile; fileRef = 7D6E3F561940C2B4008D5BBD /* nth.1 */; };
		7D6E3F601940C5D0008D5BBD /* scan.l in Sources */ = {isa = PBXBuildFile; fileRef = 7D6E3F5F1940C5D0008D5BBD /* scan.l */; settings = {COMPILER_FLAGS = "-d"; }; };
		7D6E3F651943D5C1008D5BBD /* ast.cc in Sources */ = {isa = PBXBuildFile; fileRef = 7D6E3F631943D5C1008D5BBD /* ast.cc */; };
		7D7F4A81199B024700A0DC87 /* driver_test.cc in Sources */ = {isa = PBXBuildFile; fileRef = 7D7F4A7F199B024700A0DC87 /* driver_test.cc */; };
		7D7F4A84199B15AD00A0DC87 /* test_helper_test.cc in Sources */ = {isa = PBXBuildFile; fileRef = 7D7F4A82199B15AD00A0DC87 /* test_helper_test.cc */; };
		7D7F4A8B199D1D8C00A0DC87 /* ast_dot_printer.cc in Sources */ = {isa = PBXBuildFile; fileRef = 7D7F4A89199D1D8C00A0DC87 /* ast_dot_printer.cc */; };
		7D7F4A8C199D9B1C00A0DC87 /* ast_dot_printer.cc in Sources */ = {isa = PBXBuildFile; fileRef = 7D7F4A89199D1D8C00A0DC87 /* ast_dot_printer.cc */; };
		7D7F4A8D199D9B1E00A0DC87 /* ast_dot_printer.cc in Sources */ = {isa = PBXBuildFile; fileRef = 7D7F4A89199D1D8C00A0DC87 /* ast_dot_printer.cc */; };
		7D8CC7E0195BD4900009B20C /* driver.cc in Sources */ = {isa = PBXBuildFile; fileRef = 7D8CC7DE195BD4900009B20C /* driver.cc */; };
		7D8CC7E9195C6EB40009B20C /* parse.y in Sources */ = {isa = PBXBuildFile; fileRef = 7D6E3F6619440F00008D5BBD /* parse.y */; };
		7DA5A19319CF798A00EB2D68 /* scope_checker_test.cc in Sources */ = {isa = PBXBuildFile; fileRef = 7DA5A19219CF798A00EB2D68 /* scope_checker_test.cc */; };
		7DA82B0619DE5BC0002E4766 /* ast_visitor.cc in Sources */ = {isa = PBXBuildFile; fileRef = 7DA82B0519DE5BC0002E4766 /* ast_visitor.cc */; };
		7DA82B0719DE5BC0002E4766 /* ast_visitor.cc in Sources */ = {isa = PBXBuildFile; fileRef = 7DA82B0519DE5BC0002E4766 /* ast_visitor.cc */; };
		7DC44E7C1960D71500DEB624 /* nth.nth in Resources */ = {isa = PBXBuildFile; fileRef = 7DC44E7B1960D71500DEB624 /* nth.nth */; };
		7DD86CA919C20952008C04EF /* symbol_table.cc in Sources */ = {isa = PBXBuildFile; fileRef = 7DD86CA719C20952008C04EF /* symbol_table.cc */; };
		7DD86CAA19C20952008C04EF /* symbol_table.cc in Sources */ = {isa = PBXBuildFile; fileRef = 7DD86CA719C20952008C04EF /* symbol_table.cc */; };
		7DD86CAB19C20952008C04EF /* symbol_table.cc in Sources */ = {isa = PBXBuildFile; fileRef = 7DD86CA719C20952008C04EF /* symbol_table.cc */; };
		7DD86CAE19C20964008C04EF /* scope_checker.cc in Sources */ = {isa = PBXBuildFile; fileRef = 7DD86CAC19C20964008C04EF /* scope_checker.cc */; };
		7DD86CAF19C20964008C04EF /* scope_checker.cc in Sources */ = {isa = PBXBuildFile; fileRef = 7DD86CAC19C20964008C04EF /* scope_checker.cc */; };
		7DD86CB019C20964008C04EF /* scope_checker.cc in Sources */ = {isa = PBXBuildFile; fileRef = 7DD86CAC19C20964008C04EF /* scope_checker.cc */; };
		7DD86CB519C20C87008C04EF /* symbol_table_test.cc in Sources */ = {isa = PBXBuildFile; fileRef = 7DD86CB119C20C87008C04EF /* symbol_table_test.cc */; };
		7DF889A1195F9ECD00B7208A /* XCTest.framework in Frameworks */ = {isa = PBXBuildFile; fileRef = 7DF889A0195F9ECD00B7208A /* XCTest.framework */; };
		7DF889A7195F9ECD00B7208A /* InfoPlist.strings in Resources */ = {isa = PBXBuildFile; fileRef = 7DF889A5195F9ECD00B7208A /* InfoPlist.strings */; };
/* End PBXBuildFile section */

/* Begin PBXBuildRule section */
		7D33BE6019731FCE006F3769 /* PBXBuildRule */ = {
			isa = PBXBuildRule;
			compilerSpec = com.apple.compilers.proxy.script;
			fileType = sourcecode.lex;
			isEditable = 1;
			outputFiles = (
				"$(DERIVED_FILE_DIR)/scan.cc",
				"$(DERIVED_FILE_DIR)/scan.h",
			);
			script = "# $(LEX)\nflex --header-file=${DERIVED_FILE_DIR}/scan.h -o ${DERIVED_FILE_DIR}/scan.cc ${INPUT_FILE_PATH}";
		};
		7D33BE6119731FE4006F3769 /* PBXBuildRule */ = {
			isa = PBXBuildRule;
			compilerSpec = com.apple.compilers.proxy.script;
			fileType = sourcecode.yacc;
			isEditable = 1;
			outputFiles = (
				"$(DERIVED_FILE_DIR)/location.hh",
				"$(DERIVED_FILE_DIR)/parse.hh",
				"$(DERIVED_FILE_DIR)/parse.cc",
				"$(DERIVED_FILE_DIR)/stack.hh",
				"$(DERIVED_FILE_DIR)/position.hh",
			);
			script = "/usr/local/Cellar/bison/3.0.2/bin/bison -l -v -g -o ${DERIVED_FILE_DIR}/parse.cc ${INPUT_FILE_PATH}";
		};
		7D660D5D195FBE21008E0D21 /* PBXBuildRule */ = {
			isa = PBXBuildRule;
			compilerSpec = com.apple.compilers.proxy.script;
			fileType = sourcecode.yacc;
			isEditable = 1;
			outputFiles = (
				"$(DERIVED_FILE_DIR)/parse.cc",
				"$(DERIVED_FILE_DIR)/parse.hh",
				"$(DERIVED_FILE_DIR)/stack.hh",
				"$(DERIVED_FILE_DIR)/position.hh",
				"$(DERIVED_FILE_DIR)/location.hh",
			);
			script = "/usr/local/Cellar/bison/3.0.2/bin/bison -v -g -o ${DERIVED_FILE_DIR}/parse.cc ${INPUT_FILE_PATH}";
		};
		7D660D5E195FBEB4008E0D21 /* PBXBuildRule */ = {
			isa = PBXBuildRule;
			compilerSpec = com.apple.compilers.proxy.script;
			fileType = sourcecode.lex;
			isEditable = 1;
			outputFiles = (
				"$(DERIVED_FILE_DIR)/scan.h",
				"$(DERIVED_FILE_DIR)/scan.cc",
			);
			script = "# $(LEX)\nflex --header-file=${DERIVED_FILE_DIR}/scan.h -o ${DERIVED_FILE_DIR}/scan.cc ${INPUT_FILE_PATH}\n";
		};
		7D8CC7E5195BDD9A0009B20C /* PBXBuildRule */ = {
			isa = PBXBuildRule;
			compilerSpec = com.apple.compilers.proxy.script;
			fileType = sourcecode.lex;
			isEditable = 1;
			outputFiles = (
				"$(DERIVED_FILE_DIR)/scan.h",
				"$(DERIVED_FILE_DIR)/scan.cc",
			);
			script = "flex --header-file=${DERIVED_FILE_DIR}/scan.h -o ${DERIVED_FILE_DIR}/scan.cc ${INPUT_FILE_PATH}\n";
		};
		7D8CC7E7195BE2E60009B20C /* PBXBuildRule */ = {
			isa = PBXBuildRule;
			compilerSpec = com.apple.compilers.llvm.clang.1_0;
			filePatterns = parse.cpp;
			fileType = pattern.proxy;
			isEditable = 1;
			outputFiles = (
			);
		};
		7D8CC7E8195C6DB20009B20C /* PBXBuildRule */ = {
			isa = PBXBuildRule;
			compilerSpec = com.apple.compilers.proxy.script;
			fileType = sourcecode.yacc;
			isEditable = 1;
			outputFiles = (
				"$(DERIVED_FILE_DIR)/parse.cc",
				"$(DERIVED_FILE_DIR)/parse.hh",
				"$(DERIVED_FILE_DIR)/stack.hh",
				"$(DERIVED_FILE_DIR)/position.hh",
				"$(DERIVED_FILE_DIR)/location.hh",
			);
			script = "/usr/local/Cellar/bison/3.0.2/bin/bison -v -g -o ${DERIVED_FILE_DIR}/parse.cc ${INPUT_FILE_PATH}";
		};
/* End PBXBuildRule section */

/* Begin PBXContainerItemProxy section */
		7D33BE6219732084006F3769 /* PBXContainerItemProxy */ = {
			isa = PBXContainerItemProxy;
			containerPortal = 7D6E3F491940C2B3008D5BBD /* Project object */;
			proxyType = 1;
			remoteGlobalIDString = 7D6E3F501940C2B3008D5BBD;
			remoteInfo = nth;
		};
		7DF889AB195F9ECD00B7208A /* PBXContainerItemProxy */ = {
			isa = PBXContainerItemProxy;
			containerPortal = 7D6E3F491940C2B3008D5BBD /* Project object */;
			proxyType = 1;
			remoteGlobalIDString = 7D6E3F501940C2B3008D5BBD;
			remoteInfo = nth;
		};
/* End PBXContainerItemProxy section */

/* Begin PBXCopyFilesBuildPhase section */
		7D33BE78197328A4006F3769 /* CopyFiles */ = {
			isa = PBXCopyFilesBuildPhase;
			buildActionMask = 2147483647;
			dstPath = "";
			dstSubfolderSpec = 7;
			files = (
				7D33BE79197328A8006F3769 /* nth.nth in CopyFiles */,
			);
			runOnlyForDeploymentPostprocessing = 0;
		};
		7D6E3F4F1940C2B3008D5BBD /* CopyFiles */ = {
			isa = PBXCopyFilesBuildPhase;
			buildActionMask = 2147483647;
			dstPath = /usr/share/man/man1/;
			dstSubfolderSpec = 0;
			files = (
				7D6E3F571940C2B4008D5BBD /* nth.1 in CopyFiles */,
			);
			runOnlyForDeploymentPostprocessing = 1;
		};
		7DA4983B19730C1D0056BB77 /* CopyFiles */ = {
			isa = PBXCopyFilesBuildPhase;
			buildActionMask = 2147483647;
			dstPath = /usr/share/man/man1/;
			dstSubfolderSpec = 0;
			files = (
			);
			runOnlyForDeploymentPostprocessing = 1;
		};
/* End PBXCopyFilesBuildPhase section */

/* Begin PBXFileReference section */
		7D1C33E119B3C625007BEAAF /* type.cc */ = {isa = PBXFileReference; fileEncoding = 4; lastKnownFileType = sourcecode.cpp.cpp; path = type.cc; sourceTree = "<group>"; };
		7D1C33E219B3C625007BEAAF /* type.h */ = {isa = PBXFileReference; fileEncoding = 4; lastKnownFileType = sourcecode.c.h; path = type.h; sourceTree = "<group>"; };
		7D1C33E719BCF8BF007BEAAF /* ast_printer.h */ = {isa = PBXFileReference; fileEncoding = 4; lastKnownFileType = sourcecode.c.h; path = ast_printer.h; sourceTree = "<group>"; };
		7D1C33EB19BD18D3007BEAAF /* ast_string_printer.cc */ = {isa = PBXFileReference; fileEncoding = 4; lastKnownFileType = sourcecode.cpp.cpp; path = ast_string_printer.cc; sourceTree = "<group>"; };
		7D1C33EC19BD18D3007BEAAF /* ast_string_printer.h */ = {isa = PBXFileReference; fileEncoding = 4; lastKnownFileType = sourcecode.c.h; path = ast_string_printer.h; sourceTree = "<group>"; };
		7D33BE5D19731F5C006F3769 /* parse_test.cc */ = {isa = PBXFileReference; fileEncoding = 4; lastKnownFileType = sourcecode.cpp.cpp; path = parse_test.cc; sourceTree = "<group>"; };
		7D33BE6819732162006F3769 /* main.cc */ = {isa = PBXFileReference; fileEncoding = 4; lastKnownFileType = sourcecode.cpp.cpp; path = main.cc; sourceTree = "<group>"; };
		7D33BE6F1973237B006F3769 /* test_helper.h */ = {isa = PBXFileReference; fileEncoding = 4; lastKnownFileType = sourcecode.c.h; path = test_helper.h; sourceTree = "<group>"; };
		7D33BE701973237B006F3769 /* test_helper.cc */ = {isa = PBXFileReference; fileEncoding = 4; lastKnownFileType = sourcecode.cpp.cpp; path = test_helper.cc; sourceTree = "<group>"; };
		7D33BE741973276B006F3769 /* CoreFoundation.framework */ = {isa = PBXFileReference; lastKnownFileType = wrapper.framework; name = CoreFoundation.framework; path = System/Library/Frameworks/CoreFoundation.framework; sourceTree = SDKROOT; };
		7D33BEBA19756C98006F3769 /* libgtest.a */ = {isa = PBXFileReference; lastKnownFileType = archive.ar; name = libgtest.a; path = lib/libgtest.a; sourceTree = "<group>"; };
		7D660D5A195FBD24008E0D21 /* driver_test.mm */ = {isa = PBXFileReference; fileEncoding = 4; lastKnownFileType = sourcecode.cpp.objcpp; path = driver_test.mm; sourceTree = "<group>"; };
		7D6E3F511940C2B4008D5BBD /* nth */ = {isa = PBXFileReference; explicitFileType = "compiled.mach-o.executable"; includeInIndex = 0; path = nth; sourceTree = BUILT_PRODUCTS_DIR; };
		7D6E3F541940C2B4008D5BBD /* main.cc */ = {isa = PBXFileReference; lastKnownFileType = sourcecode.cpp.cpp; lineEnding = 0; path = main.cc; sourceTree = "<group>"; xcLanguageSpecificationIdentifier = xcode.lang.cpp; };
		7D6E3F561940C2B4008D5BBD /* nth.1 */ = {isa = PBXFileReference; lastKnownFileType = text.man; path = nth.1; sourceTree = "<group>"; };
		7D6E3F5F1940C5D0008D5BBD /* scan.l */ = {isa = PBXFileReference; fileEncoding = 4; lastKnownFileType = sourcecode.lex; lineEnding = 0; path = scan.l; sourceTree = "<group>"; xcLanguageSpecificationIdentifier = xcode.lang.simpleColoring; };
		7D6E3F631943D5C1008D5BBD /* ast.cc */ = {isa = PBXFileReference; fileEncoding = 4; lastKnownFileType = sourcecode.cpp.cpp; path = ast.cc; sourceTree = "<group>"; };
		7D6E3F641943D5C1008D5BBD /* ast.h */ = {isa = PBXFileReference; fileEncoding = 4; lastKnownFileType = sourcecode.c.h; path = ast.h; sourceTree = "<group>"; };
		7D6E3F6619440F00008D5BBD /* parse.y */ = {isa = PBXFileReference; fileEncoding = 4; lastKnownFileType = sourcecode.yacc; lineEnding = 0; path = parse.y; sourceTree = "<group>"; xcLanguageSpecificationIdentifier = xcode.lang.simpleColoring; };
		7D7F4A7F199B024700A0DC87 /* driver_test.cc */ = {isa = PBXFileReference; fileEncoding = 4; lastKnownFileType = sourcecode.cpp.cpp; path = driver_test.cc; sourceTree = "<group>"; };
		7D7F4A82199B15AD00A0DC87 /* test_helper_test.cc */ = {isa = PBXFileReference; fileEncoding = 4; lastKnownFileType = sourcecode.cpp.cpp; path = test_helper_test.cc; sourceTree = "<group>"; };
		7D7F4A89199D1D8C00A0DC87 /* ast_dot_printer.cc */ = {isa = PBXFileReference; fileEncoding = 4; lastKnownFileType = sourcecode.cpp.cpp; name = ast_dot_printer.cc; path = nth/ast_dot_printer.cc; sourceTree = SOURCE_ROOT; };
		7D7F4A8A199D1D8C00A0DC87 /* ast_dot_printer.h */ = {isa = PBXFileReference; fileEncoding = 4; lastKnownFileType = sourcecode.c.h; name = ast_dot_printer.h; path = nth/ast_dot_printer.h; sourceTree = SOURCE_ROOT; };
		7D8CC7DE195BD4900009B20C /* driver.cc */ = {isa = PBXFileReference; fileEncoding = 4; lastKnownFileType = sourcecode.cpp.cpp; path = driver.cc; sourceTree = "<group>"; };
		7D8CC7DF195BD4900009B20C /* driver.h */ = {isa = PBXFileReference; fileEncoding = 4; lastKnownFileType = sourcecode.c.h; path = driver.h; sourceTree = "<group>"; };
		7DA4983D19730C1D0056BB77 /* nth-gtest */ = {isa = PBXFileReference; explicitFileType = "compiled.mach-o.executable"; includeInIndex = 0; path = "nth-gtest"; sourceTree = BUILT_PRODUCTS_DIR; };
		7DA5A19219CF798A00EB2D68 /* scope_checker_test.cc */ = {isa = PBXFileReference; fileEncoding = 4; lastKnownFileType = sourcecode.cpp.cpp; path = scope_checker_test.cc; sourceTree = "<group>"; };
		7DA82B0519DE5BC0002E4766 /* ast_visitor.cc */ = {isa = PBXFileReference; fileEncoding = 4; lastKnownFileType = sourcecode.cpp.cpp; path = ast_visitor.cc; sourceTree = "<group>"; };
		7DC44E7B1960D71500DEB624 /* nth.nth */ = {isa = PBXFileReference; fileEncoding = 4; lastKnownFileType = text; path = nth.nth; sourceTree = "<group>"; };
		7DD86CA719C20952008C04EF /* symbol_table.cc */ = {isa = PBXFileReference; fileEncoding = 4; lastKnownFileType = sourcecode.cpp.cpp; path = symbol_table.cc; sourceTree = "<group>"; };
		7DD86CA819C20952008C04EF /* symbol_table.h */ = {isa = PBXFileReference; fileEncoding = 4; lastKnownFileType = sourcecode.c.h; path = symbol_table.h; sourceTree = "<group>"; };
		7DD86CAC19C20964008C04EF /* scope_checker.cc */ = {isa = PBXFileReference; fileEncoding = 4; lastKnownFileType = sourcecode.cpp.cpp; path = scope_checker.cc; sourceTree = "<group>"; };
		7DD86CAD19C20964008C04EF /* scope_checker.h */ = {isa = PBXFileReference; fileEncoding = 4; lastKnownFileType = sourcecode.c.h; path = scope_checker.h; sourceTree = "<group>"; };
		7DD86CB119C20C87008C04EF /* symbol_table_test.cc */ = {isa = PBXFileReference; fileEncoding = 4; lastKnownFileType = sourcecode.cpp.cpp; path = symbol_table_test.cc; sourceTree = "<group>"; };
		7DF8899E195F9ECD00B7208A /* nth-tests.xctest */ = {isa = PBXFileReference; explicitFileType = wrapper.cfbundle; includeInIndex = 0; path = "nth-tests.xctest"; sourceTree = BUILT_PRODUCTS_DIR; };
		7DF889A0195F9ECD00B7208A /* XCTest.framework */ = {isa = PBXFileReference; lastKnownFileType = wrapper.framework; name = XCTest.framework; path = Library/Frameworks/XCTest.framework; sourceTree = DEVELOPER_DIR; };
		7DF889A4195F9ECD00B7208A /* nth-tests-Info.plist */ = {isa = PBXFileReference; lastKnownFileType = text.plist.xml; path = "nth-tests-Info.plist"; sourceTree = "<group>"; };
		7DF889A6195F9ECD00B7208A /* en */ = {isa = PBXFileReference; lastKnownFileType = text.plist.strings; name = en; path = en.lproj/InfoPlist.strings; sourceTree = "<group>"; };
		7DF889AA195F9ECD00B7208A /* nth-tests-Prefix.pch */ = {isa = PBXFileReference; lastKnownFileType = sourcecode.c.h; path = "nth-tests-Prefix.pch"; sourceTree = "<group>"; };
		7DF8F216198EA164002F06B4 /* ast_visitor.h */ = {isa = PBXFileReference; lastKnownFileType = sourcecode.c.h; path = ast_visitor.h; sourceTree = "<group>"; };
/* End PBXFileReference section */

/* Begin PBXFrameworksBuildPhase section */
		7D6E3F4E1940C2B3008D5BBD /* Frameworks */ = {
			isa = PBXFrameworksBuildPhase;
			buildActionMask = 2147483647;
			files = (
			);
			runOnlyForDeploymentPostprocessing = 0;
		};
		7DA4983A19730C1D0056BB77 /* Frameworks */ = {
			isa = PBXFrameworksBuildPhase;
			buildActionMask = 2147483647;
			files = (
				7D33BEBB19756C98006F3769 /* libgtest.a in Frameworks */,
				7D33BE751973276B006F3769 /* CoreFoundation.framework in Frameworks */,
			);
			runOnlyForDeploymentPostprocessing = 0;
		};
		7DF8899B195F9ECD00B7208A /* Frameworks */ = {
			isa = PBXFrameworksBuildPhase;
			buildActionMask = 2147483647;
			files = (
				7DF889A1195F9ECD00B7208A /* XCTest.framework in Frameworks */,
			);
			runOnlyForDeploymentPostprocessing = 0;
		};
/* End PBXFrameworksBuildPhase section */

/* Begin PBXGroup section */
		7D6E3F481940C2B3008D5BBD = {
			isa = PBXGroup;
			children = (
				7DC44E7A1960D70300DEB624 /* fixtures */,
				7D6E3F5D1940C4EA008D5BBD /* notes */,
				7D6E3F531940C2B4008D5BBD /* nth */,
				7DF889A2195F9ECD00B7208A /* nth-tests */,
				7DA4983E19730C1D0056BB77 /* nth-gtest */,
				7DF8899F195F9ECD00B7208A /* Frameworks */,
				7D6E3F521940C2B4008D5BBD /* Products */,
			);
			sourceTree = "<group>";
		};
		7D6E3F521940C2B4008D5BBD /* Products */ = {
			isa = PBXGroup;
			children = (
				7D6E3F511940C2B4008D5BBD /* nth */,
				7DF8899E195F9ECD00B7208A /* nth-tests.xctest */,
				7DA4983D19730C1D0056BB77 /* nth-gtest */,
			);
			name = Products;
			sourceTree = "<group>";
		};
		7D6E3F531940C2B4008D5BBD /* nth */ = {
			isa = PBXGroup;
			children = (
				7D1C33E119B3C625007BEAAF /* type.cc */,
				7D1C33E219B3C625007BEAAF /* type.h */,
				7D8CC7DE195BD4900009B20C /* driver.cc */,
				7D8CC7DF195BD4900009B20C /* driver.h */,
				7D6E3F6619440F00008D5BBD /* parse.y */,
				7D6E3F541940C2B4008D5BBD /* main.cc */,
				7D6E3F561940C2B4008D5BBD /* nth.1 */,
				7D6E3F5F1940C5D0008D5BBD /* scan.l */,
				7D6E3F631943D5C1008D5BBD /* ast.cc */,
				7D6E3F641943D5C1008D5BBD /* ast.h */,
				7DD86CAC19C20964008C04EF /* scope_checker.cc */,
				7DD86CAD19C20964008C04EF /* scope_checker.h */,
				7DD86CA719C20952008C04EF /* symbol_table.cc */,
				7DD86CA819C20952008C04EF /* symbol_table.h */,
				7DF8F216198EA164002F06B4 /* ast_visitor.h */,
				7D1C33E719BCF8BF007BEAAF /* ast_printer.h */,
				7D7F4A89199D1D8C00A0DC87 /* ast_dot_printer.cc */,
				7D7F4A8A199D1D8C00A0DC87 /* ast_dot_printer.h */,
				7D1C33EB19BD18D3007BEAAF /* ast_string_printer.cc */,
				7D1C33EC19BD18D3007BEAAF /* ast_string_printer.h */,
				7DA82B0519DE5BC0002E4766 /* ast_visitor.cc */,
			);
			path = nth;
			sourceTree = "<group>";
		};
		7D6E3F5D1940C4EA008D5BBD /* notes */ = {
			isa = PBXGroup;
			children = (
			);
			path = notes;
			sourceTree = "<group>";
		};
		7D7F4A88199D1C5300A0DC87 /* Tests */ = {
			isa = PBXGroup;
			children = (
				7D33BE5D19731F5C006F3769 /* parse_test.cc */,
				7DD86CB119C20C87008C04EF /* symbol_table_test.cc */,
				7DA5A19219CF798A00EB2D68 /* scope_checker_test.cc */,
			);
			name = Tests;
			sourceTree = "<group>";
		};
		7DA4983E19730C1D0056BB77 /* nth-gtest */ = {
			isa = PBXGroup;
			children = (
				7D7F4A88199D1C5300A0DC87 /* Tests */,
				7D33BE6819732162006F3769 /* main.cc */,
				7D33BE6F1973237B006F3769 /* test_helper.h */,
				7D33BE701973237B006F3769 /* test_helper.cc */,
				7D7F4A7F199B024700A0DC87 /* driver_test.cc */,
				7D7F4A82199B15AD00A0DC87 /* test_helper_test.cc */,
			);
			path = "nth-gtest";
			sourceTree = "<group>";
		};
		7DC44E7A1960D70300DEB624 /* fixtures */ = {
			isa = PBXGroup;
			children = (
				7DC44E7B1960D71500DEB624 /* nth.nth */,
			);
			name = fixtures;
			sourceTree = "<group>";
		};
		7DF8899F195F9ECD00B7208A /* Frameworks */ = {
			isa = PBXGroup;
			children = (
				7D33BEBA19756C98006F3769 /* libgtest.a */,
				7D33BE741973276B006F3769 /* CoreFoundation.framework */,
				7DF889A0195F9ECD00B7208A /* XCTest.framework */,
			);
			name = Frameworks;
			sourceTree = "<group>";
		};
		7DF889A2195F9ECD00B7208A /* nth-tests */ = {
			isa = PBXGroup;
			children = (
				7D660D5A195FBD24008E0D21 /* driver_test.mm */,
				7DF889A3195F9ECD00B7208A /* Supporting Files */,
			);
			path = "nth-tests";
			sourceTree = "<group>";
		};
		7DF889A3195F9ECD00B7208A /* Supporting Files */ = {
			isa = PBXGroup;
			children = (
				7DF889A4195F9ECD00B7208A /* nth-tests-Info.plist */,
				7DF889A5195F9ECD00B7208A /* InfoPlist.strings */,
				7DF889AA195F9ECD00B7208A /* nth-tests-Prefix.pch */,
			);
			name = "Supporting Files";
			sourceTree = "<group>";
		};
/* End PBXGroup section */

/* Begin PBXNativeTarget section */
		7D6E3F501940C2B3008D5BBD /* nth */ = {
			isa = PBXNativeTarget;
			buildConfigurationList = 7D6E3F5A1940C2B4008D5BBD /* Build configuration list for PBXNativeTarget "nth" */;
			buildPhases = (
				7D6E3F4D1940C2B3008D5BBD /* Sources */,
				7D6E3F4E1940C2B3008D5BBD /* Frameworks */,
				7D6E3F4F1940C2B3008D5BBD /* CopyFiles */,
			);
			buildRules = (
				7D8CC7E8195C6DB20009B20C /* PBXBuildRule */,
				7D8CC7E7195BE2E60009B20C /* PBXBuildRule */,
				7D8CC7E5195BDD9A0009B20C /* PBXBuildRule */,
			);
			dependencies = (
			);
			name = nth;
			productName = nth;
			productReference = 7D6E3F511940C2B4008D5BBD /* nth */;
			productType = "com.apple.product-type.tool";
		};
		7DA4983C19730C1D0056BB77 /* nth-gtest */ = {
			isa = PBXNativeTarget;
			buildConfigurationList = 7DA4984319730C1D0056BB77 /* Build configuration list for PBXNativeTarget "nth-gtest" */;
			buildPhases = (
				7DA4983919730C1D0056BB77 /* Sources */,
				7DA4983A19730C1D0056BB77 /* Frameworks */,
				7DA4983B19730C1D0056BB77 /* CopyFiles */,
				7D33BE78197328A4006F3769 /* CopyFiles */,
			);
			buildRules = (
				7D33BE6119731FE4006F3769 /* PBXBuildRule */,
				7D33BE6019731FCE006F3769 /* PBXBuildRule */,
			);
			dependencies = (
				7D33BE6319732084006F3769 /* PBXTargetDependency */,
			);
			name = "nth-gtest";
			productName = "nth-gtest";
			productReference = 7DA4983D19730C1D0056BB77 /* nth-gtest */;
			productType = "com.apple.product-type.tool";
		};
		7DF8899D195F9ECD00B7208A /* nth-tests */ = {
			isa = PBXNativeTarget;
			buildConfigurationList = 7DF889AF195F9ECD00B7208A /* Build configuration list for PBXNativeTarget "nth-tests" */;
			buildPhases = (
				7DF8899A195F9ECD00B7208A /* Sources */,
				7DF8899B195F9ECD00B7208A /* Frameworks */,
				7DF8899C195F9ECD00B7208A /* Resources */,
			);
			buildRules = (
				7D660D5E195FBEB4008E0D21 /* PBXBuildRule */,
				7D660D5D195FBE21008E0D21 /* PBXBuildRule */,
			);
			dependencies = (
				7DF889AC195F9ECD00B7208A /* PBXTargetDependency */,
			);
			name = "nth-tests";
			productName = "nth-tests";
			productReference = 7DF8899E195F9ECD00B7208A /* nth-tests.xctest */;
			productType = "com.apple.product-type.bundle.unit-test";
		};
/* End PBXNativeTarget section */

/* Begin PBXProject section */
		7D6E3F491940C2B3008D5BBD /* Project object */ = {
			isa = PBXProject;
			attributes = {
				LastUpgradeCheck = 0600;
				ORGANIZATIONNAME = "Matt Gadda";
				TargetAttributes = {
					7DF8899D195F9ECD00B7208A = {
						TestTargetID = 7D6E3F501940C2B3008D5BBD;
					};
				};
			};
			buildConfigurationList = 7D6E3F4C1940C2B3008D5BBD /* Build configuration list for PBXProject "nth" */;
			compatibilityVersion = "Xcode 3.2";
			developmentRegion = English;
			hasScannedForEncodings = 0;
			knownRegions = (
				en,
			);
			mainGroup = 7D6E3F481940C2B3008D5BBD;
			productRefGroup = 7D6E3F521940C2B4008D5BBD /* Products */;
			projectDirPath = "";
			projectRoot = "";
			targets = (
				7D6E3F501940C2B3008D5BBD /* nth */,
				7DF8899D195F9ECD00B7208A /* nth-tests */,
				7DA4983C19730C1D0056BB77 /* nth-gtest */,
			);
		};
/* End PBXProject section */

/* Begin PBXResourcesBuildPhase section */
		7DF8899C195F9ECD00B7208A /* Resources */ = {
			isa = PBXResourcesBuildPhase;
			buildActionMask = 2147483647;
			files = (
				7DF889A7195F9ECD00B7208A /* InfoPlist.strings in Resources */,
				7DC44E7C1960D71500DEB624 /* nth.nth in Resources */,
			);
			runOnlyForDeploymentPostprocessing = 0;
		};
/* End PBXResourcesBuildPhase section */

/* Begin PBXSourcesBuildPhase section */
		7D6E3F4D1940C2B3008D5BBD /* Sources */ = {
			isa = PBXSourcesBuildPhase;
			buildActionMask = 2147483647;
			files = (
				7DD86CA919C20952008C04EF /* symbol_table.cc in Sources */,
				7D8CC7E9195C6EB40009B20C /* parse.y in Sources */,
				7DD86CAE19C20964008C04EF /* scope_checker.cc in Sources */,
				7D6E3F651943D5C1008D5BBD /* ast.cc in Sources */,
				7DA82B0619DE5BC0002E4766 /* ast_visitor.cc in Sources */,
				7D8CC7E0195BD4900009B20C /* driver.cc in Sources */,
				7D1C33ED19BD18D3007BEAAF /* ast_string_printer.cc in Sources */,
				7D1C33E319B3C625007BEAAF /* type.cc in Sources */,
				7D7F4A8C199D9B1C00A0DC87 /* ast_dot_printer.cc in Sources */,
				7D6E3F551940C2B4008D5BBD /* main.cc in Sources */,
				7D6E3F601940C5D0008D5BBD /* scan.l in Sources */,
			);
			runOnlyForDeploymentPostprocessing = 0;
		};
		7DA4983919730C1D0056BB77 /* Sources */ = {
			isa = PBXSourcesBuildPhase;
			buildActionMask = 2147483647;
			files = (
				7D33BE6A19732162006F3769 /* main.cc in Sources */,
				7DA82B0719DE5BC0002E4766 /* ast_visitor.cc in Sources */,
				7D7F4A8B199D1D8C00A0DC87 /* ast_dot_printer.cc in Sources */,
				7D33BE641973209E006F3769 /* driver.cc in Sources */,
				7D33BE651973209E006F3769 /* parse.y in Sources */,
				7D33BE711973237B006F3769 /* test_helper.cc in Sources */,
				7D33BE661973209E006F3769 /* scan.l in Sources */,
				7DA5A19319CF798A00EB2D68 /* scope_checker_test.cc in Sources */,
				7D7F4A81199B024700A0DC87 /* driver_test.cc in Sources */,
				7D7F4A84199B15AD00A0DC87 /* test_helper_test.cc in Sources */,
				7DD86CB519C20C87008C04EF /* symbol_table_test.cc in Sources */,
				7D1C33E519B3C625007BEAAF /* type.cc in Sources */,
				7D1C33EF19BD18D3007BEAAF /* ast_string_printer.cc in Sources */,
				7DD86CB019C20964008C04EF /* scope_checker.cc in Sources */,
				7D33BE671973209E006F3769 /* ast.cc in Sources */,
				7DD86CAB19C20952008C04EF /* symbol_table.cc in Sources */,
				7D33BE5F19731F5C006F3769 /* parse_test.cc in Sources */,
			);
			runOnlyForDeploymentPostprocessing = 0;
		};
		7DF8899A195F9ECD00B7208A /* Sources */ = {
			isa = PBXSourcesBuildPhase;
			buildActionMask = 2147483647;
			files = (
				7DD86CAA19C20952008C04EF /* symbol_table.cc in Sources */,
				7D660D61195FBFA8008E0D21 /* main.cc in Sources */,
				7DD86CAF19C20964008C04EF /* scope_checker.cc in Sources */,
				7D660D60195FBF9D008E0D21 /* driver.cc in Sources */,
				7D660D5C195FBDE0008E0D21 /* parse.y in Sources */,
				7D1C33EE19BD18D3007BEAAF /* ast_string_printer.cc in Sources */,
				7D1C33E419B3C625007BEAAF /* type.cc in Sources */,
				7D7F4A8D199D9B1E00A0DC87 /* ast_dot_printer.cc in Sources */,
				7D660D5F195FBF79008E0D21 /* scan.l in Sources */,
				7D660D5B195FBD24008E0D21 /* driver_test.mm in Sources */,
			);
			runOnlyForDeploymentPostprocessing = 0;
		};
/* End PBXSourcesBuildPhase section */

/* Begin PBXTargetDependency section */
		7D33BE6319732084006F3769 /* PBXTargetDependency */ = {
			isa = PBXTargetDependency;
			target = 7D6E3F501940C2B3008D5BBD /* nth */;
			targetProxy = 7D33BE6219732084006F3769 /* PBXContainerItemProxy */;
		};
		7DF889AC195F9ECD00B7208A /* PBXTargetDependency */ = {
			isa = PBXTargetDependency;
			target = 7D6E3F501940C2B3008D5BBD /* nth */;
			targetProxy = 7DF889AB195F9ECD00B7208A /* PBXContainerItemProxy */;
		};
/* End PBXTargetDependency section */

/* Begin PBXVariantGroup section */
		7DF889A5195F9ECD00B7208A /* InfoPlist.strings */ = {
			isa = PBXVariantGroup;
			children = (
				7DF889A6195F9ECD00B7208A /* en */,
			);
			name = InfoPlist.strings;
			sourceTree = "<group>";
		};
/* End PBXVariantGroup section */

/* Begin XCBuildConfiguration section */
		7D6E3F581940C2B4008D5BBD /* Debug */ = {
			isa = XCBuildConfiguration;
			buildSettings = {
				ALWAYS_SEARCH_USER_PATHS = NO;
				CLANG_CXX_LANGUAGE_STANDARD = "gnu++0x";
				CLANG_CXX_LIBRARY = "libc++";
				CLANG_ENABLE_MODULES = YES;
				CLANG_ENABLE_OBJC_ARC = YES;
				CLANG_WARN_BOOL_CONVERSION = YES;
				CLANG_WARN_CONSTANT_CONVERSION = YES;
				CLANG_WARN_DIRECT_OBJC_ISA_USAGE = YES_ERROR;
				CLANG_WARN_EMPTY_BODY = YES;
				CLANG_WARN_ENUM_CONVERSION = YES;
				CLANG_WARN_INT_CONVERSION = YES;
				CLANG_WARN_OBJC_ROOT_CLASS = YES_ERROR;
				CLANG_WARN__DUPLICATE_METHOD_MATCH = YES;
				COPY_PHASE_STRIP = NO;
				GCC_C_LANGUAGE_STANDARD = gnu99;
				GCC_DYNAMIC_NO_PIC = NO;
				GCC_ENABLE_OBJC_EXCEPTIONS = YES;
				GCC_OPTIMIZATION_LEVEL = 0;
				GCC_PREPROCESSOR_DEFINITIONS = (
					"DEBUG=1",
					"$(inherited)",
				);
				GCC_SYMBOLS_PRIVATE_EXTERN = NO;
				GCC_WARN_64_TO_32_BIT_CONVERSION = YES;
				GCC_WARN_ABOUT_RETURN_TYPE = YES_ERROR;
				GCC_WARN_UNDECLARED_SELECTOR = YES;
				GCC_WARN_UNINITIALIZED_AUTOS = YES_AGGRESSIVE;
				GCC_WARN_UNUSED_FUNCTION = YES;
				GCC_WARN_UNUSED_VARIABLE = YES;
				HEADER_SEARCH_PATHS = (
					"$(inherited)",
					/Applications/Xcode.app/Contents/Developer/Toolchains/XcodeDefault.xctoolchain/usr/include,
				);
				MACOSX_DEPLOYMENT_TARGET = 10.9;
				ONLY_ACTIVE_ARCH = YES;
				SDKROOT = macosx;
				USER_HEADER_SEARCH_PATHS = "";
			};
			name = Debug;
		};
		7D6E3F591940C2B4008D5BBD /* Release */ = {
			isa = XCBuildConfiguration;
			buildSettings = {
				ALWAYS_SEARCH_USER_PATHS = NO;
				CLANG_CXX_LANGUAGE_STANDARD = "gnu++0x";
				CLANG_CXX_LIBRARY = "libc++";
				CLANG_ENABLE_MODULES = YES;
				CLANG_ENABLE_OBJC_ARC = YES;
				CLANG_WARN_BOOL_CONVERSION = YES;
				CLANG_WARN_CONSTANT_CONVERSION = YES;
				CLANG_WARN_DIRECT_OBJC_ISA_USAGE = YES_ERROR;
				CLANG_WARN_EMPTY_BODY = YES;
				CLANG_WARN_ENUM_CONVERSION = YES;
				CLANG_WARN_INT_CONVERSION = YES;
				CLANG_WARN_OBJC_ROOT_CLASS = YES_ERROR;
				CLANG_WARN__DUPLICATE_METHOD_MATCH = YES;
				COPY_PHASE_STRIP = YES;
				DEBUG_INFORMATION_FORMAT = "dwarf-with-dsym";
				ENABLE_NS_ASSERTIONS = NO;
				GCC_C_LANGUAGE_STANDARD = gnu99;
				GCC_ENABLE_OBJC_EXCEPTIONS = YES;
				GCC_WARN_64_TO_32_BIT_CONVERSION = YES;
				GCC_WARN_ABOUT_RETURN_TYPE = YES_ERROR;
				GCC_WARN_UNDECLARED_SELECTOR = YES;
				GCC_WARN_UNINITIALIZED_AUTOS = YES_AGGRESSIVE;
				GCC_WARN_UNUSED_FUNCTION = YES;
				GCC_WARN_UNUSED_VARIABLE = YES;
				HEADER_SEARCH_PATHS = (
					"$(inherited)",
					/Applications/Xcode.app/Contents/Developer/Toolchains/XcodeDefault.xctoolchain/usr/include,
				);
				MACOSX_DEPLOYMENT_TARGET = 10.9;
				SDKROOT = macosx;
				USER_HEADER_SEARCH_PATHS = "";
			};
			name = Release;
		};
		7D6E3F5B1940C2B4008D5BBD /* Debug */ = {
			isa = XCBuildConfiguration;
			buildSettings = {
				PRODUCT_NAME = "$(TARGET_NAME)";
			};
			name = Debug;
		};
		7D6E3F5C1940C2B4008D5BBD /* Release */ = {
			isa = XCBuildConfiguration;
			buildSettings = {
				PRODUCT_NAME = "$(TARGET_NAME)";
			};
			name = Release;
		};
		7DA4984419730C1D0056BB77 /* Debug */ = {
			isa = XCBuildConfiguration;
			buildSettings = {
				FRAMEWORK_SEARCH_PATHS = (
					"$(inherited)",
					"$(PROJECT_DIR)",
				);
				GCC_PREPROCESSOR_DEFINITIONS = (
					"$(inherited)",
					"IS_XCODE=1",
				);
				HEADER_SEARCH_PATHS = (
					"$(inherited)",
					/Applications/Xcode.app/Contents/Developer/Toolchains/XcodeDefault.xctoolchain/usr/include,
					"$(SRCROOT)/include",
				);
				LIBRARY_SEARCH_PATHS = (
					"$(inherited)",
					"$(PROJECT_DIR)/lib",
				);
				PRODUCT_NAME = "$(TARGET_NAME)";
			};
			name = Debug;
		};
		7DA4984519730C1D0056BB77 /* Release */ = {
			isa = XCBuildConfiguration;
			buildSettings = {
				FRAMEWORK_SEARCH_PATHS = (
					"$(inherited)",
					"$(PROJECT_DIR)",
				);
				HEADER_SEARCH_PATHS = (
					"$(inherited)",
					/Applications/Xcode.app/Contents/Developer/Toolchains/XcodeDefault.xctoolchain/usr/include,
					"$(SRCROOT)/include",
				);
				LIBRARY_SEARCH_PATHS = (
					"$(inherited)",
					"$(PROJECT_DIR)/lib",
				);
				PRODUCT_NAME = "$(TARGET_NAME)";
			};
			name = Release;
		};
		7DF889AD195F9ECD00B7208A /* Debug */ = {
			isa = XCBuildConfiguration;
			buildSettings = {
				COMBINE_HIDPI_IMAGES = YES;
				FRAMEWORK_SEARCH_PATHS = (
					"$(DEVELOPER_FRAMEWORKS_DIR)",
					"$(inherited)",
				);
				GCC_PRECOMPILE_PREFIX_HEADER = YES;
				GCC_PREFIX_HEADER = "nth-tests/nth-tests-Prefix.pch";
				GCC_PREPROCESSOR_DEFINITIONS = (
					"DEBUG=1",
					"$(inherited)",
				);
				INFOPLIST_FILE = "nth-tests/nth-tests-Info.plist";
				PRODUCT_NAME = "$(TARGET_NAME)";
				WRAPPER_EXTENSION = xctest;
			};
			name = Debug;
		};
		7DF889AE195F9ECD00B7208A /* Release */ = {
			isa = XCBuildConfiguration;
			buildSettings = {
				COMBINE_HIDPI_IMAGES = YES;
				FRAMEWORK_SEARCH_PATHS = (
					"$(DEVELOPER_FRAMEWORKS_DIR)",
					"$(inherited)",
				);
				GCC_PRECOMPILE_PREFIX_HEADER = YES;
				GCC_PREFIX_HEADER = "nth-tests/nth-tests-Prefix.pch";
				INFOPLIST_FILE = "nth-tests/nth-tests-Info.plist";
				PRODUCT_NAME = "$(TARGET_NAME)";
				WRAPPER_EXTENSION = xctest;
			};
			name = Release;
		};
/* End XCBuildConfiguration section */

/* Begin XCConfigurationList section */
		7D6E3F4C1940C2B3008D5BBD /* Build configuration list for PBXProject "nth" */ = {
			isa = XCConfigurationList;
			buildConfigurations = (
				7D6E3F581940C2B4008D5BBD /* Debug */,
				7D6E3F591940C2B4008D5BBD /* Release */,
			);
			defaultConfigurationIsVisible = 0;
			defaultConfigurationName = Release;
		};
		7D6E3F5A1940C2B4008D5BBD /* Build configuration list for PBXNativeTarget "nth" */ = {
			isa = XCConfigurationList;
			buildConfigurations = (
				7D6E3F5B1940C2B4008D5BBD /* Debug */,
				7D6E3F5C1940C2B4008D5BBD /* Release */,
			);
			defaultConfigurationIsVisible = 0;
			defaultConfigurationName = Release;
		};
		7DA4984319730C1D0056BB77 /* Build configuration list for PBXNativeTarget "nth-gtest" */ = {
			isa = XCConfigurationList;
			buildConfigurations = (
				7DA4984419730C1D0056BB77 /* Debug */,
				7DA4984519730C1D0056BB77 /* Release */,
			);
			defaultConfigurationIsVisible = 0;
			defaultConfigurationName = Release;
		};
		7DF889AF195F9ECD00B7208A /* Build configuration list for PBXNativeTarget "nth-tests" */ = {
			isa = XCConfigurationList;
			buildConfigurations = (
				7DF889AD195F9ECD00B7208A /* Debug */,
				7DF889AE195F9ECD00B7208A /* Release */,
			);
			defaultConfigurationIsVisible = 0;
			defaultConfigurationName = Release;
		};
/* End XCConfigurationList section */
	};
	rootObject = 7D6E3F491940C2B3008D5BBD /* Project object */;
}
